// !$*UTF8*$!
{
	archiveVersion = 1;
	classes = {
	};
	objectVersion = 46;
	objects = {

/* Begin PBXBuildFile section */
		E257091E1D2D717A00CC1E26 /* Pokemon.ttf in Resources */ = {isa = PBXBuildFile; fileRef = E257091D1D2D717A00CC1E26 /* Pokemon.ttf */; };
		E25709201D2D738100CC1E26 /* pikachu.mp3 in Resources */ = {isa = PBXBuildFile; fileRef = E257091F1D2D738100CC1E26 /* pikachu.mp3 */; };
		E2F866AD1D2CFC7E00607BCA /* AppDelegate.swift in Sources */ = {isa = PBXBuildFile; fileRef = E2F866AC1D2CFC7E00607BCA /* AppDelegate.swift */; };
		E2F866AF1D2CFC7E00607BCA /* ViewController.swift in Sources */ = {isa = PBXBuildFile; fileRef = E2F866AE1D2CFC7E00607BCA /* ViewController.swift */; };
		E2F866B21D2CFC7E00607BCA /* Main.storyboard in Resources */ = {isa = PBXBuildFile; fileRef = E2F866B01D2CFC7E00607BCA /* Main.storyboard */; };
		E2F866B41D2CFC7E00607BCA /* Assets.xcassets in Resources */ = {isa = PBXBuildFile; fileRef = E2F866B31D2CFC7E00607BCA /* Assets.xcassets */; };
		E2F866B71D2CFC7E00607BCA /* LaunchScreen.storyboard in Resources */ = {isa = PBXBuildFile; fileRef = E2F866B51D2CFC7E00607BCA /* LaunchScreen.storyboard */; };
		E2F866C21D2CFC7E00607BCA /* pokemonTests.swift in Sources */ = {isa = PBXBuildFile; fileRef = E2F866C11D2CFC7E00607BCA /* pokemonTests.swift */; };
		E2F866CD1D2CFC7E00607BCA /* pokemonUITests.swift in Sources */ = {isa = PBXBuildFile; fileRef = E2F866CC1D2CFC7E00607BCA /* pokemonUITests.swift */; };
		E2F866DB1D2D0D4200607BCA /* pokemon.csv in Resources */ = {isa = PBXBuildFile; fileRef = E2F866DA1D2D0D4200607BCA /* pokemon.csv */; };
		E2F866E11D2D0F3400607BCA /* Pokemon.swift in Sources */ = {isa = PBXBuildFile; fileRef = E2F866E01D2D0F3400607BCA /* Pokemon.swift */; };
		E2F866E31D2D16B200607BCA /* PokemonCell.swift in Sources */ = {isa = PBXBuildFile; fileRef = E2F866E21D2D16B200607BCA /* PokemonCell.swift */; };
		E2F866E51D2D1E9200607BCA /* Csv.swift in Sources */ = {isa = PBXBuildFile; fileRef = E2F866E41D2D1E9200607BCA /* Csv.swift */; };
/* End PBXBuildFile section */

/* Begin PBXContainerItemProxy section */
		E2F866BE1D2CFC7E00607BCA /* PBXContainerItemProxy */ = {
			isa = PBXContainerItemProxy;
			containerPortal = E2F866A11D2CFC7E00607BCA /* Project object */;
			proxyType = 1;
			remoteGlobalIDString = E2F866A81D2CFC7E00607BCA;
			remoteInfo = pokemon;
		};
		E2F866C91D2CFC7E00607BCA /* PBXContainerItemProxy */ = {
			isa = PBXContainerItemProxy;
			containerPortal = E2F866A11D2CFC7E00607BCA /* Project object */;
			proxyType = 1;
			remoteGlobalIDString = E2F866A81D2CFC7E00607BCA;
			remoteInfo = pokemon;
		};
/* End PBXContainerItemProxy section */

/* Begin PBXFileReference section */
		E257091D1D2D717A00CC1E26 /* Pokemon.ttf */ = {isa = PBXFileReference; lastKnownFileType = file; path = Pokemon.ttf; sourceTree = "<group>"; };
		E257091F1D2D738100CC1E26 /* pikachu.mp3 */ = {isa = PBXFileReference; lastKnownFileType = audio.mp3; path = pikachu.mp3; sourceTree = "<group>"; };
		E2F866A91D2CFC7E00607BCA /* pokemon.app */ = {isa = PBXFileReference; explicitFileType = wrapper.application; includeInIndex = 0; path = pokemon.app; sourceTree = BUILT_PRODUCTS_DIR; };
		E2F866AC1D2CFC7E00607BCA /* AppDelegate.swift */ = {isa = PBXFileReference; lastKnownFileType = sourcecode.swift; path = AppDelegate.swift; sourceTree = "<group>"; };
		E2F866AE1D2CFC7E00607BCA /* ViewController.swift */ = {isa = PBXFileReference; lastKnownFileType = sourcecode.swift; path = ViewController.swift; sourceTree = "<group>"; };
		E2F866B11D2CFC7E00607BCA /* Base */ = {isa = PBXFileReference; lastKnownFileType = file.storyboard; name = Base; path = Base.lproj/Main.storyboard; sourceTree = "<group>"; };
		E2F866B31D2CFC7E00607BCA /* Assets.xcassets */ = {isa = PBXFileReference; lastKnownFileType = folder.assetcatalog; path = Assets.xcassets; sourceTree = "<group>"; };
		E2F866B61D2CFC7E00607BCA /* Base */ = {isa = PBXFileReference; lastKnownFileType = file.storyboard; name = Base; path = Base.lproj/LaunchScreen.storyboard; sourceTree = "<group>"; };
		E2F866B81D2CFC7E00607BCA /* Info.plist */ = {isa = PBXFileReference; lastKnownFileType = text.plist.xml; path = Info.plist; sourceTree = "<group>"; };
		E2F866BD1D2CFC7E00607BCA /* pokemonTests.xctest */ = {isa = PBXFileReference; explicitFileType = wrapper.cfbundle; includeInIndex = 0; path = pokemonTests.xctest; sourceTree = BUILT_PRODUCTS_DIR; };
		E2F866C11D2CFC7E00607BCA /* pokemonTests.swift */ = {isa = PBXFileReference; lastKnownFileType = sourcecode.swift; path = pokemonTests.swift; sourceTree = "<group>"; };
		E2F866C31D2CFC7E00607BCA /* Info.plist */ = {isa = PBXFileReference; lastKnownFileType = text.plist.xml; path = Info.plist; sourceTree = "<group>"; };
		E2F866C81D2CFC7E00607BCA /* pokemonUITests.xctest */ = {isa = PBXFileReference; explicitFileType = wrapper.cfbundle; includeInIndex = 0; path = pokemonUITests.xctest; sourceTree = BUILT_PRODUCTS_DIR; };
		E2F866CC1D2CFC7E00607BCA /* pokemonUITests.swift */ = {isa = PBXFileReference; lastKnownFileType = sourcecode.swift; path = pokemonUITests.swift; sourceTree = "<group>"; };
		E2F866CE1D2CFC7E00607BCA /* Info.plist */ = {isa = PBXFileReference; lastKnownFileType = text.plist.xml; path = Info.plist; sourceTree = "<group>"; };
		E2F866DA1D2D0D4200607BCA /* pokemon.csv */ = {isa = PBXFileReference; fileEncoding = 4; lastKnownFileType = text; path = pokemon.csv; sourceTree = "<group>"; };
		E2F866E01D2D0F3400607BCA /* Pokemon.swift */ = {isa = PBXFileReference; fileEncoding = 4; lastKnownFileType = sourcecode.swift; path = Pokemon.swift; sourceTree = "<group>"; };
		E2F866E21D2D16B200607BCA /* PokemonCell.swift */ = {isa = PBXFileReference; fileEncoding = 4; lastKnownFileType = sourcecode.swift; path = PokemonCell.swift; sourceTree = "<group>"; };
		E2F866E41D2D1E9200607BCA /* Csv.swift */ = {isa = PBXFileReference; fileEncoding = 4; lastKnownFileType = sourcecode.swift; path = Csv.swift; sourceTree = "<group>"; };
/* End PBXFileReference section */

/* Begin PBXFrameworksBuildPhase section */
		E2F866A61D2CFC7E00607BCA /* Frameworks */ = {
			isa = PBXFrameworksBuildPhase;
			buildActionMask = 2147483647;
			files = (
			);
			runOnlyForDeploymentPostprocessing = 0;
		};
		E2F866BA1D2CFC7E00607BCA /* Frameworks */ = {
			isa = PBXFrameworksBuildPhase;
			buildActionMask = 2147483647;
			files = (
			);
			runOnlyForDeploymentPostprocessing = 0;
		};
		E2F866C51D2CFC7E00607BCA /* Frameworks */ = {
			isa = PBXFrameworksBuildPhase;
			buildActionMask = 2147483647;
			files = (
			);
			runOnlyForDeploymentPostprocessing = 0;
		};
/* End PBXFrameworksBuildPhase section */

/* Begin PBXGroup section */
		E257091C1D2D6DD800CC1E26 /* resource */ = {
			isa = PBXGroup;
			children = (
				E257091F1D2D738100CC1E26 /* pikachu.mp3 */,
				E2F866DA1D2D0D4200607BCA /* pokemon.csv */,
				E257091D1D2D717A00CC1E26 /* Pokemon.ttf */,
			);
			name = resource;
			sourceTree = "<group>";
		};
		E2F866A01D2CFC7E00607BCA = {
			isa = PBXGroup;
			children = (
				E2F866AB1D2CFC7E00607BCA /* pokemon */,
				E2F866C01D2CFC7E00607BCA /* pokemonTests */,
				E2F866CB1D2CFC7E00607BCA /* pokemonUITests */,
				E2F866AA1D2CFC7E00607BCA /* Products */,
			);
			sourceTree = "<group>";
		};
		E2F866AA1D2CFC7E00607BCA /* Products */ = {
			isa = PBXGroup;
			children = (
				E2F866A91D2CFC7E00607BCA /* pokemon.app */,
				E2F866BD1D2CFC7E00607BCA /* pokemonTests.xctest */,
				E2F866C81D2CFC7E00607BCA /* pokemonUITests.xctest */,
			);
			name = Products;
			sourceTree = "<group>";
		};
		E2F866AB1D2CFC7E00607BCA /* pokemon */ = {
			isa = PBXGroup;
			children = (
				E257091C1D2D6DD800CC1E26 /* resource */,
				E2F866E61D2D1EAA00607BCA /* util */,
				E2F866DF1D2D0EEC00607BCA /* service */,
				E2F866DE1D2D0EE400607BCA /* controller */,
				E2F866DD1D2D0EDD00607BCA /* model */,
				E2F866DC1D2D0ED600607BCA /* view */,
				E2F866AC1D2CFC7E00607BCA /* AppDelegate.swift */,
				E2F866B01D2CFC7E00607BCA /* Main.storyboard */,
				E2F866B31D2CFC7E00607BCA /* Assets.xcassets */,
				E2F866B51D2CFC7E00607BCA /* LaunchScreen.storyboard */,
				E2F866B81D2CFC7E00607BCA /* Info.plist */,
			);
			path = pokemon;
			sourceTree = "<group>";
		};
		E2F866C01D2CFC7E00607BCA /* pokemonTests */ = {
			isa = PBXGroup;
			children = (
				E2F866C11D2CFC7E00607BCA /* pokemonTests.swift */,
				E2F866C31D2CFC7E00607BCA /* Info.plist */,
			);
			path = pokemonTests;
			sourceTree = "<group>";
		};
		E2F866CB1D2CFC7E00607BCA /* pokemonUITests */ = {
			isa = PBXGroup;
			children = (
				E2F866CC1D2CFC7E00607BCA /* pokemonUITests.swift */,
				E2F866CE1D2CFC7E00607BCA /* Info.plist */,
			);
			path = pokemonUITests;
			sourceTree = "<group>";
		};
		E2F866DC1D2D0ED600607BCA /* view */ = {
			isa = PBXGroup;
			children = (
				E2F866E21D2D16B200607BCA /* PokemonCell.swift */,
			);
			name = view;
			sourceTree = "<group>";
		};
		E2F866DD1D2D0EDD00607BCA /* model */ = {
			isa = PBXGroup;
			children = (
				E2F866E01D2D0F3400607BCA /* Pokemon.swift */,
			);
			name = model;
			sourceTree = "<group>";
		};
		E2F866DE1D2D0EE400607BCA /* controller */ = {
			isa = PBXGroup;
			children = (
				E2F866AE1D2CFC7E00607BCA /* ViewController.swift */,
			);
			name = controller;
			sourceTree = "<group>";
		};
		E2F866DF1D2D0EEC00607BCA /* service */ = {
			isa = PBXGroup;
			children = (
			);
			name = service;
			sourceTree = "<group>";
		};
		E2F866E61D2D1EAA00607BCA /* util */ = {
			isa = PBXGroup;
			children = (
				E2F866E41D2D1E9200607BCA /* Csv.swift */,
			);
			name = util;
			sourceTree = "<group>";
		};
/* End PBXGroup section */

/* Begin PBXNativeTarget section */
		E2F866A81D2CFC7E00607BCA /* pokemon */ = {
			isa = PBXNativeTarget;
			buildConfigurationList = E2F866D11D2CFC7E00607BCA /* Build configuration list for PBXNativeTarget "pokemon" */;
			buildPhases = (
				E2F866A51D2CFC7E00607BCA /* Sources */,
				E2F866A61D2CFC7E00607BCA /* Frameworks */,
				E2F866A71D2CFC7E00607BCA /* Resources */,
			);
			buildRules = (
			);
			dependencies = (
			);
			name = pokemon;
			productName = pokemon;
			productReference = E2F866A91D2CFC7E00607BCA /* pokemon.app */;
			productType = "com.apple.product-type.application";
		};
		E2F866BC1D2CFC7E00607BCA /* pokemonTests */ = {
			isa = PBXNativeTarget;
			buildConfigurationList = E2F866D41D2CFC7E00607BCA /* Build configuration list for PBXNativeTarget "pokemonTests" */;
			buildPhases = (
				E2F866B91D2CFC7E00607BCA /* Sources */,
				E2F866BA1D2CFC7E00607BCA /* Frameworks */,
				E2F866BB1D2CFC7E00607BCA /* Resources */,
			);
			buildRules = (
			);
			dependencies = (
				E2F866BF1D2CFC7E00607BCA /* PBXTargetDependency */,
			);
			name = pokemonTests;
			productName = pokemonTests;
			productReference = E2F866BD1D2CFC7E00607BCA /* pokemonTests.xctest */;
			productType = "com.apple.product-type.bundle.unit-test";
		};
		E2F866C71D2CFC7E00607BCA /* pokemonUITests */ = {
			isa = PBXNativeTarget;
			buildConfigurationList = E2F866D71D2CFC7E00607BCA /* Build configuration list for PBXNativeTarget "pokemonUITests" */;
			buildPhases = (
				E2F866C41D2CFC7E00607BCA /* Sources */,
				E2F866C51D2CFC7E00607BCA /* Frameworks */,
				E2F866C61D2CFC7E00607BCA /* Resources */,
			);
			buildRules = (
			);
			dependencies = (
				E2F866CA1D2CFC7E00607BCA /* PBXTargetDependency */,
			);
			name = pokemonUITests;
			productName = pokemonUITests;
			productReference = E2F866C81D2CFC7E00607BCA /* pokemonUITests.xctest */;
			productType = "com.apple.product-type.bundle.ui-testing";
		};
/* End PBXNativeTarget section */

/* Begin PBXProject section */
		E2F866A11D2CFC7E00607BCA /* Project object */ = {
			isa = PBXProject;
			attributes = {
				LastSwiftUpdateCheck = 0730;
				LastUpgradeCheck = 0730;
				ORGANIZATIONNAME = "Macbook ";
				TargetAttributes = {
					E2F866A81D2CFC7E00607BCA = {
						CreatedOnToolsVersion = 7.3.1;
					};
					E2F866BC1D2CFC7E00607BCA = {
						CreatedOnToolsVersion = 7.3.1;
						TestTargetID = E2F866A81D2CFC7E00607BCA;
					};
					E2F866C71D2CFC7E00607BCA = {
						CreatedOnToolsVersion = 7.3.1;
						TestTargetID = E2F866A81D2CFC7E00607BCA;
					};
				};
			};
			buildConfigurationList = E2F866A41D2CFC7E00607BCA /* Build configuration list for PBXProject "pokemon" */;
			compatibilityVersion = "Xcode 3.2";
			developmentRegion = English;
			hasScannedForEncodings = 0;
			knownRegions = (
				en,
				Base,
			);
			mainGroup = E2F866A01D2CFC7E00607BCA;
			productRefGroup = E2F866AA1D2CFC7E00607BCA /* Products */;
			projectDirPath = "";
			projectRoot = "";
			targets = (
				E2F866A81D2CFC7E00607BCA /* pokemon */,
				E2F866BC1D2CFC7E00607BCA /* pokemonTests */,
				E2F866C71D2CFC7E00607BCA /* pokemonUITests */,
			);
		};
/* End PBXProject section */

/* Begin PBXResourcesBuildPhase section */
		E2F866A71D2CFC7E00607BCA /* Resources */ = {
			isa = PBXResourcesBuildPhase;
			buildActionMask = 2147483647;
			files = (
				E2F866B71D2CFC7E00607BCA /* LaunchScreen.storyboard in Resources */,
				E257091E1D2D717A00CC1E26 /* Pokemon.ttf in Resources */,
				E25709201D2D738100CC1E26 /* pikachu.mp3 in Resources */,
				E2F866B41D2CFC7E00607BCA /* Assets.xcassets in Resources */,
				E2F866DB1D2D0D4200607BCA /* pokemon.csv in Resources */,
				E2F866B21D2CFC7E00607BCA /* Main.storyboard in Resources */,
			);
			runOnlyForDeploymentPostprocessing = 0;
		};
		E2F866BB1D2CFC7E00607BCA /* Resources */ = {
			isa = PBXResourcesBuildPhase;
			buildActionMask = 2147483647;
			files = (
			);
			runOnlyForDeploymentPostprocessing = 0;
		};
		E2F866C61D2CFC7E00607BCA /* Resources */ = {
			isa = PBXResourcesBuildPhase;
			buildActionMask = 2147483647;
			files = (
			);
			runOnlyForDeploymentPostprocessing = 0;
		};
/* End PBXResourcesBuildPhase section */

/* Begin PBXSourcesBuildPhase section */
		E2F866A51D2CFC7E00607BCA /* Sources */ = {
			isa = PBXSourcesBuildPhase;
			buildActionMask = 2147483647;
			files = (
				E2F866AF1D2CFC7E00607BCA /* ViewController.swift in Sources */,
				E2F866E51D2D1E9200607BCA /* Csv.swift in Sources */,
				E2F866E31D2D16B200607BCA /* PokemonCell.swift in Sources */,
				E2F866AD1D2CFC7E00607BCA /* AppDelegate.swift in Sources */,
				E2F866E11D2D0F3400607BCA /* Pokemon.swift in Sources */,
			);
			runOnlyForDeploymentPostprocessing = 0;
		};
		E2F866B91D2CFC7E00607BCA /* Sources */ = {
			isa = PBXSourcesBuildPhase;
			buildActionMask = 2147483647;
			files = (
				E2F866C21D2CFC7E00607BCA /* pokemonTests.swift in Sources */,
			);
			runOnlyForDeploymentPostprocessing = 0;
		};
		E2F866C41D2CFC7E00607BCA /* Sources */ = {
			isa = PBXSourcesBuildPhase;
			buildActionMask = 2147483647;
			files = (
				E2F866CD1D2CFC7E00607BCA /* pokemonUITests.swift in Sources */,
			);
			runOnlyForDeploymentPostprocessing = 0;
		};
/* End PBXSourcesBuildPhase section */

/* Begin PBXTargetDependency section */
		E2F866BF1D2CFC7E00607BCA /* PBXTargetDependency */ = {
			isa = PBXTargetDependency;
			target = E2F866A81D2CFC7E00607BCA /* pokemon */;
			targetProxy = E2F866BE1D2CFC7E00607BCA /* PBXContainerItemProxy */;
		};
		E2F866CA1D2CFC7E00607BCA /* PBXTargetDependency */ = {
			isa = PBXTargetDependency;
			target = E2F866A81D2CFC7E00607BCA /* pokemon */;
			targetProxy = E2F866C91D2CFC7E00607BCA /* PBXContainerItemProxy */;
		};
/* End PBXTargetDependency section */

/* Begin PBXVariantGroup section */
		E2F866B01D2CFC7E00607BCA /* Main.storyboard */ = {
			isa = PBXVariantGroup;
			children = (
				E2F866B11D2CFC7E00607BCA /* Base */,
			);
			name = Main.storyboard;
			sourceTree = "<group>";
		};
		E2F866B51D2CFC7E00607BCA /* LaunchScreen.storyboard */ = {
			isa = PBXVariantGroup;
			children = (
				E2F866B61D2CFC7E00607BCA /* Base */,
			);
			name = LaunchScreen.storyboard;
			sourceTree = "<group>";
		};
/* End PBXVariantGroup section */

/* Begin XCBuildConfiguration section */
		E2F866CF1D2CFC7E00607BCA /* Debug */ = {
			isa = XCBuildConfiguration;
			buildSettings = {
				ALWAYS_SEARCH_USER_PATHS = NO;
				CLANG_ANALYZER_NONNULL = YES;
				CLANG_CXX_LANGUAGE_STANDARD = "gnu++0x";
				CLANG_CXX_LIBRARY = "libc++";
				CLANG_ENABLE_MODULES = YES;
				CLANG_ENABLE_OBJC_ARC = YES;
				CLANG_WARN_BOOL_CONVERSION = YES;
				CLANG_WARN_CONSTANT_CONVERSION = YES;
				CLANG_WARN_DIRECT_OBJC_ISA_USAGE = YES_ERROR;
				CLANG_WARN_EMPTY_BODY = YES;
				CLANG_WARN_ENUM_CONVERSION = YES;
				CLANG_WARN_INT_CONVERSION = YES;
				CLANG_WARN_OBJC_ROOT_CLASS = YES_ERROR;
				CLANG_WARN_UNREACHABLE_CODE = YES;
				CLANG_WARN__DUPLICATE_METHOD_MATCH = YES;
				"CODE_SIGN_IDENTITY[sdk=iphoneos*]" = "iPhone Developer";
				COPY_PHASE_STRIP = NO;
				DEBUG_INFORMATION_FORMAT = dwarf;
				ENABLE_STRICT_OBJC_MSGSEND = YES;
				ENABLE_TESTABILITY = YES;
				GCC_C_LANGUAGE_STANDARD = gnu99;
				GCC_DYNAMIC_NO_PIC = NO;
				GCC_NO_COMMON_BLOCKS = YES;
				GCC_OPTIMIZATION_LEVEL = 0;
				GCC_PREPROCESSOR_DEFINITIONS = (
					"DEBUG=1",
					"$(inherited)",
				);
				GCC_WARN_64_TO_32_BIT_CONVERSION = YES;
				GCC_WARN_ABOUT_RETURN_TYPE = YES_ERROR;
				GCC_WARN_UNDECLARED_SELECTOR = YES;
				GCC_WARN_UNINITIALIZED_AUTOS = YES_AGGRESSIVE;
				GCC_WARN_UNUSED_FUNCTION = YES;
				GCC_WARN_UNUSED_VARIABLE = YES;
				IPHONEOS_DEPLOYMENT_TARGET = 9.3;
				MTL_ENABLE_DEBUG_INFO = YES;
				ONLY_ACTIVE_ARCH = YES;
				SDKROOT = iphoneos;
				SWIFT_OPTIMIZATION_LEVEL = "-Onone";
				TARGETED_DEVICE_FAMILY = "1,2";
			};
			name = Debug;
		};
		E2F866D01D2CFC7E00607BCA /* Release */ = {
			isa = XCBuildConfiguration;
			buildSettings = {
				ALWAYS_SEARCH_USER_PATHS = NO;
				CLANG_ANALYZER_NONNULL = YES;
				CLANG_CXX_LANGUAGE_STANDARD = "gnu++0x";
				CLANG_CXX_LIBRARY = "libc++";
				CLANG_ENABLE_MODULES = YES;
				CLANG_ENABLE_OBJC_ARC = YES;
				CLANG_WARN_BOOL_CONVERSION = YES;
				CLANG_WARN_CONSTANT_CONVERSION = YES;
				CLANG_WARN_DIRECT_OBJC_ISA_USAGE = YES_ERROR;
				CLANG_WARN_EMPTY_BODY = YES;
				CLANG_WARN_ENUM_CONVERSION = YES;
				CLANG_WARN_INT_CONVERSION = YES;
				CLANG_WARN_OBJC_ROOT_CLASS = YES_ERROR;
				CLANG_WARN_UNREACHABLE_CODE = YES;
				CLANG_WARN__DUPLICATE_METHOD_MATCH = YES;
				"CODE_SIGN_IDENTITY[sdk=iphoneos*]" = "iPhone Developer";
				COPY_PHASE_STRIP = NO;
				DEBUG_INFORMATION_FORMAT = "dwarf-with-dsym";
				ENABLE_NS_ASSERTIONS = NO;
				ENABLE_STRICT_OBJC_MSGSEND = YES;
				GCC_C_LANGUAGE_STANDARD = gnu99;
				GCC_NO_COMMON_BLOCKS = YES;
				GCC_WARN_64_TO_32_BIT_CONVERSION = YES;
				GCC_WARN_ABOUT_RETURN_TYPE = YES_ERROR;
				GCC_WARN_UNDECLARED_SELECTOR = YES;
				GCC_WARN_UNINITIALIZED_AUTOS = YES_AGGRESSIVE;
				GCC_WARN_UNUSED_FUNCTION = YES;
				GCC_WARN_UNUSED_VARIABLE = YES;
				IPHONEOS_DEPLOYMENT_TARGET = 9.3;
				MTL_ENABLE_DEBUG_INFO = NO;
				SDKROOT = iphoneos;
				TARGETED_DEVICE_FAMILY = "1,2";
				VALIDATE_PRODUCT = YES;
			};
			name = Release;
		};
		E2F866D21D2CFC7E00607BCA /* Debug */ = {
			isa = XCBuildConfiguration;
			buildSettings = {
				ASSETCATALOG_COMPILER_APPICON_NAME = AppIcon;
				INFOPLIST_FILE = pokemon/Info.plist;
				LD_RUNPATH_SEARCH_PATHS = "$(inherited) @executable_path/Frameworks";
				PRODUCT_BUNDLE_IDENTIFIER = com.ntb.myhood.pokemon;
				PRODUCT_NAME = "$(TARGET_NAME)";
			};
			name = Debug;
		};
		E2F866D31D2CFC7E00607BCA /* Release */ = {
			isa = XCBuildConfiguration;
			buildSettings = {
				ASSETCATALOG_COMPILER_APPICON_NAME = AppIcon;
				INFOPLIST_FILE = pokemon/Info.plist;
				LD_RUNPATH_SEARCH_PATHS = "$(inherited) @executable_path/Frameworks";
				PRODUCT_BUNDLE_IDENTIFIER = com.ntb.myhood.pokemon;
				PRODUCT_NAME = "$(TARGET_NAME)";
			};
			name = Release;
		};
		E2F866D51D2CFC7E00607BCA /* Debug */ = {
			isa = XCBuildConfiguration;
			buildSettings = {
				BUNDLE_LOADER = "$(TEST_HOST)";
				INFOPLIST_FILE = pokemonTests/Info.plist;
				LD_RUNPATH_SEARCH_PATHS = "$(inherited) @executable_path/Frameworks @loader_path/Frameworks";
				PRODUCT_BUNDLE_IDENTIFIER = com.ntb.myhood.pokemonTests;
				PRODUCT_NAME = "$(TARGET_NAME)";
				TEST_HOST = "$(BUILT_PRODUCTS_DIR)/pokemon.app/pokemon";
			};
			name = Debug;
		};
		E2F866D61D2CFC7E00607BCA /* Release */ = {
			isa = XCBuildConfiguration;
			buildSettings = {
				BUNDLE_LOADER = "$(TEST_HOST)";
				INFOPLIST_FILE = pokemonTests/Info.plist;
				LD_RUNPATH_SEARCH_PATHS = "$(inherited) @executable_path/Frameworks @loader_path/Frameworks";
				PRODUCT_BUNDLE_IDENTIFIER = com.ntb.myhood.pokemonTests;
				PRODUCT_NAME = "$(TARGET_NAME)";
				TEST_HOST = "$(BUILT_PRODUCTS_DIR)/pokemon.app/pokemon";
			};
			name = Release;
		};
		E2F866D81D2CFC7E00607BCA /* Debug */ = {
			isa = XCBuildConfiguration;
			buildSettings = {
				INFOPLIST_FILE = pokemonUITests/Info.plist;
				LD_RUNPATH_SEARCH_PATHS = "$(inherited) @executable_path/Frameworks @loader_path/Frameworks";
				PRODUCT_BUNDLE_IDENTIFIER = com.ntb.myhood.pokemonUITests;
				PRODUCT_NAME = "$(TARGET_NAME)";
				TEST_TARGET_NAME = pokemon;
			};
			name = Debug;
		};
		E2F866D91D2CFC7E00607BCA /* Release */ = {
			isa = XCBuildConfiguration;
			buildSettings = {
				INFOPLIST_FILE = pokemonUITests/Info.plist;
				LD_RUNPATH_SEARCH_PATHS = "$(inherited) @executable_path/Frameworks @loader_path/Frameworks";
				PRODUCT_BUNDLE_IDENTIFIER = com.ntb.myhood.pokemonUITests;
				PRODUCT_NAME = "$(TARGET_NAME)";
				TEST_TARGET_NAME = pokemon;
			};
			name = Release;
		};
/* End XCBuildConfiguration section */

/* Begin XCConfigurationList section */
		E2F866A41D2CFC7E00607BCA /* Build configuration list for PBXProject "pokemon" */ = {
			isa = XCConfigurationList;
			buildConfigurations = (
				E2F866CF1D2CFC7E00607BCA /* Debug */,
				E2F866D01D2CFC7E00607BCA /* Release */,
			);
			defaultConfigurationIsVisible = 0;
			defaultConfigurationName = Release;
		};
		E2F866D11D2CFC7E00607BCA /* Build configuration list for PBXNativeTarget "pokemon" */ = {
			isa = XCConfigurationList;
			buildConfigurations = (
				E2F866D21D2CFC7E00607BCA /* Debug */,
				E2F866D31D2CFC7E00607BCA /* Release */,
			);
			defaultConfigurationIsVisible = 0;
			defaultConfigurationName = Release;
		};
		E2F866D41D2CFC7E00607BCA /* Build configuration list for PBXNativeTarget "pokemonTests" */ = {
			isa = XCConfigurationList;
			buildConfigurations = (
				E2F866D51D2CFC7E00607BCA /* Debug */,
				E2F866D61D2CFC7E00607BCA /* Release */,
			);
			defaultConfigurationIsVisible = 0;
			defaultConfigurationName = Release;
		};
		E2F866D71D2CFC7E00607BCA /* Build configuration list for PBXNativeTarget "pokemonUITests" */ = {
			isa = XCConfigurationList;
			buildConfigurations = (
				E2F866D81D2CFC7E00607BCA /* Debug */,
				E2F866D91D2CFC7E00607BCA /* Release */,
			);
			defaultConfigurationIsVisible = 0;
			defaultConfigurationName = Release;
		};
/* End XCConfigurationList section */
	};
	rootObject = E2F866A11D2CFC7E00607BCA /* Project object */;
}
